
Microsoft Visual Studio Solution File, Format Version 12.00
# Visual Studio Version 16
VisualStudioVersion = 16.0.31515.178
MinimumVisualStudioVersion = 10.0.40219.1
Project("{888888A0-9F3D-457C-B088-3A5042F75D52}") = "ProjectPhase1.AliyaLeaks.CIS261", "ProjectPhase1.AliyaLeaks.CIS261.pyproj", "{549D8477-FFB4-4886-B3BC-FA30B9C0D493}"
EndProject
Global
	GlobalSection(SolutionConfigurationPlatforms) = preSolution
		Debug|Any CPU = Debug|Any CPU
		Release|Any CPU = Release|Any CPU
	EndGlobalSection
	GlobalSection(ProjectConfigurationPlatforms) = postSolution
		{549D8477-FFB4-4886-B3BC-FA30B9C0D493}.Debug|Any CPU.ActiveCfg = Debug|Any CPU
		{549D8477-FFB4-4886-B3BC-FA30B9C0D493}.Release|Any CPU.ActiveCfg = Release|Any CPU
	EndGlobalSection
	GlobalSection(SolutionProperties) = preSolution
		HideSolutionNode = FALSE
	EndGlobalSection
	GlobalSection(ExtensibilityGlobals) = postSolution
		SolutionGuid = {872B6343-CAAB-4D39-8B4B-273AE2E8E544}
	EndGlobalSection
EndGlobal
